{
    "_meta": {
        "hash": {
            "sha256": "4fcc1d0615ddfae3894108aa614d1c27fc061c5337a862b0b540237680ebf5c0"
        },
        "pipfile-spec": 6,
        "requires": {
            "python_version": "3.8"
        },
        "sources": [
            {
                "name": "pypi",
                "url": "https://pypi.org/simple",
                "verify_ssl": true
            }
        ]
    },
    "default": {
        "asgiref": {
            "hashes": [
                "sha256:8036f90603c54e93521e5777b2b9a39ba1bad05773fcf2d208f0299d1df58ce5",
                "sha256:9ca8b952a0a9afa61d30aa6d3d9b570bb3fd6bafcf7ec9e6bed43b936133db1c"
            ],
            "index": "pypi",
            "version": "==3.2.7"
        },
        "certifi": {
            "hashes": [
                "sha256:1a4995114262bffbc2413b159f2a1a480c969de6e6eb13ee966d470af86af59c",
                "sha256:719a74fb9e33b9bd44cc7f3a8d94bc35e4049deebe19ba7d8e108280cfd59830"
            ],
            "version": "==2020.12.5"
        },
        "cffi": {
            "hashes": [
                "sha256:005a36f41773e148deac64b08f233873a4d0c18b053d37da83f6af4d9087b813",
                "sha256:0857f0ae312d855239a55c81ef453ee8fd24136eaba8e87a2eceba644c0d4c06",
                "sha256:1071534bbbf8cbb31b498d5d9db0f274f2f7a865adca4ae429e147ba40f73dea",
                "sha256:158d0d15119b4b7ff6b926536763dc0714313aa59e320ddf787502c70c4d4bee",
                "sha256:1f436816fc868b098b0d63b8920de7d208c90a67212546d02f84fe78a9c26396",
                "sha256:2894f2df484ff56d717bead0a5c2abb6b9d2bf26d6960c4604d5c48bbc30ee73",
                "sha256:29314480e958fd8aab22e4a58b355b629c59bf5f2ac2492b61e3dc06d8c7a315",
                "sha256:34eff4b97f3d982fb93e2831e6750127d1355a923ebaeeb565407b3d2f8d41a1",
                "sha256:35f27e6eb43380fa080dccf676dece30bef72e4a67617ffda586641cd4508d49",
                "sha256:3d3dd4c9e559eb172ecf00a2a7517e97d1e96de2a5e610bd9b68cea3925b4892",
                "sha256:43e0b9d9e2c9e5d152946b9c5fe062c151614b262fda2e7b201204de0b99e482",
                "sha256:48e1c69bbacfc3d932221851b39d49e81567a4d4aac3b21258d9c24578280058",
                "sha256:51182f8927c5af975fece87b1b369f722c570fe169f9880764b1ee3bca8347b5",
                "sha256:58e3f59d583d413809d60779492342801d6e82fefb89c86a38e040c16883be53",
                "sha256:5de7970188bb46b7bf9858eb6890aad302577a5f6f75091fd7cdd3ef13ef3045",
                "sha256:65fa59693c62cf06e45ddbb822165394a288edce9e276647f0046e1ec26920f3",
                "sha256:69e395c24fc60aad6bb4fa7e583698ea6cc684648e1ffb7fe85e3c1ca131a7d5",
                "sha256:6c97d7350133666fbb5cf4abdc1178c812cb205dc6f41d174a7b0f18fb93337e",
                "sha256:6e4714cc64f474e4d6e37cfff31a814b509a35cb17de4fb1999907575684479c",
                "sha256:72d8d3ef52c208ee1c7b2e341f7d71c6fd3157138abf1a95166e6165dd5d4369",
                "sha256:8ae6299f6c68de06f136f1f9e69458eae58f1dacf10af5c17353eae03aa0d827",
                "sha256:8b198cec6c72df5289c05b05b8b0969819783f9418e0409865dac47288d2a053",
                "sha256:99cd03ae7988a93dd00bcd9d0b75e1f6c426063d6f03d2f90b89e29b25b82dfa",
                "sha256:9cf8022fb8d07a97c178b02327b284521c7708d7c71a9c9c355c178ac4bbd3d4",
                "sha256:9de2e279153a443c656f2defd67769e6d1e4163952b3c622dcea5b08a6405322",
                "sha256:9e93e79c2551ff263400e1e4be085a1210e12073a31c2011dbbda14bda0c6132",
                "sha256:9ff227395193126d82e60319a673a037d5de84633f11279e336f9c0f189ecc62",
                "sha256:a465da611f6fa124963b91bf432d960a555563efe4ed1cc403ba5077b15370aa",
                "sha256:ad17025d226ee5beec591b52800c11680fca3df50b8b29fe51d882576e039ee0",
                "sha256:afb29c1ba2e5a3736f1c301d9d0abe3ec8b86957d04ddfa9d7a6a42b9367e396",
                "sha256:b85eb46a81787c50650f2392b9b4ef23e1f126313b9e0e9013b35c15e4288e2e",
                "sha256:bb89f306e5da99f4d922728ddcd6f7fcebb3241fc40edebcb7284d7514741991",
                "sha256:cbde590d4faaa07c72bf979734738f328d239913ba3e043b1e98fe9a39f8b2b6",
                "sha256:cd2868886d547469123fadc46eac7ea5253ea7fcb139f12e1dfc2bbd406427d1",
                "sha256:d42b11d692e11b6634f7613ad8df5d6d5f8875f5d48939520d351007b3c13406",
                "sha256:f2d45f97ab6bb54753eab54fffe75aaf3de4ff2341c9daee1987ee1837636f1d",
                "sha256:fd78e5fee591709f32ef6edb9a015b4aa1a5022598e36227500c8f4e02328d9c"
            ],
            "version": "==1.14.5"
        },
        "chardet": {
            "hashes": [
                "sha256:84ab92ed1c4d4f16916e05906b6b75a6c0fb5db821cc65e70cbd64a3e2a5eaae",
                "sha256:fc323ffcaeaed0e0a02bf4d117757b98aed530d9ed4531e3e15460124c106691"
            ],
            "version": "==3.0.4"
        },
        "coverage": {
            "hashes": [
                "sha256:00f1d23f4336efc3b311ed0d807feb45098fc86dee1ca13b3d6768cdab187c8a",
                "sha256:01333e1bd22c59713ba8a79f088b3955946e293114479bbfc2e37d522be03355",
                "sha256:0cb4be7e784dcdc050fc58ef05b71aa8e89b7e6636b99967fadbdba694cf2b65",
                "sha256:0e61d9803d5851849c24f78227939c701ced6704f337cad0a91e0972c51c1ee7",
                "sha256:1601e480b9b99697a570cea7ef749e88123c04b92d84cedaa01e117436b4a0a9",
                "sha256:2742c7515b9eb368718cd091bad1a1b44135cc72468c731302b3d641895b83d1",
                "sha256:2d27a3f742c98e5c6b461ee6ef7287400a1956c11421eb574d843d9ec1f772f0",
                "sha256:402e1744733df483b93abbf209283898e9f0d67470707e3c7516d84f48524f55",
                "sha256:5c542d1e62eece33c306d66fe0a5c4f7f7b3c08fecc46ead86d7916684b36d6c",
                "sha256:5f2294dbf7875b991c381e3d5af2bcc3494d836affa52b809c91697449d0eda6",
                "sha256:6402bd2fdedabbdb63a316308142597534ea8e1895f4e7d8bf7476c5e8751fef",
                "sha256:66460ab1599d3cf894bb6baee8c684788819b71a5dc1e8fa2ecc152e5d752019",
                "sha256:782caea581a6e9ff75eccda79287daefd1d2631cc09d642b6ee2d6da21fc0a4e",
                "sha256:79a3cfd6346ce6c13145731d39db47b7a7b859c0272f02cdb89a3bdcbae233a0",
                "sha256:7a5bdad4edec57b5fb8dae7d3ee58622d626fd3a0be0dfceda162a7035885ecf",
                "sha256:8fa0cbc7ecad630e5b0f4f35b0f6ad419246b02bc750de7ac66db92667996d24",
                "sha256:a027ef0492ede1e03a8054e3c37b8def89a1e3c471482e9f046906ba4f2aafd2",
                "sha256:a3f3654d5734a3ece152636aad89f58afc9213c6520062db3978239db122f03c",
                "sha256:a82b92b04a23d3c8a581fc049228bafde988abacba397d57ce95fe95e0338ab4",
                "sha256:acf3763ed01af8410fc36afea23707d4ea58ba7e86a8ee915dfb9ceff9ef69d0",
                "sha256:adeb4c5b608574a3d647011af36f7586811a2c1197c861aedb548dd2453b41cd",
                "sha256:b83835506dfc185a319031cf853fa4bb1b3974b1f913f5bb1a0f3d98bdcded04",
                "sha256:bb28a7245de68bf29f6fb199545d072d1036a1917dca17a1e75bbb919e14ee8e",
                "sha256:bf9cb9a9fd8891e7efd2d44deb24b86d647394b9705b744ff6f8261e6f29a730",
                "sha256:c317eaf5ff46a34305b202e73404f55f7389ef834b8dbf4da09b9b9b37f76dd2",
                "sha256:dbe8c6ae7534b5b024296464f387d57c13caa942f6d8e6e0346f27e509f0f768",
                "sha256:de807ae933cfb7f0c7d9d981a053772452217df2bf38e7e6267c9cbf9545a796",
                "sha256:dead2ddede4c7ba6cb3a721870f5141c97dc7d85a079edb4bd8d88c3ad5b20c7",
                "sha256:dec5202bfe6f672d4511086e125db035a52b00f1648d6407cc8e526912c0353a",
                "sha256:e1ea316102ea1e1770724db01998d1603ed921c54a86a2efcb03428d5417e489",
                "sha256:f90bfc4ad18450c80b024036eaf91e4a246ae287701aaa88eaebebf150868052"
            ],
            "index": "pypi",
            "version": "==5.1"
        },
        "cryptography": {
            "hashes": [
                "sha256:0f1212a66329c80d68aeeb39b8a16d54ef57071bf22ff4e521657b27372e327d",
                "sha256:1e056c28420c072c5e3cb36e2b23ee55e260cb04eee08f702e0edfec3fb51959",
                "sha256:240f5c21aef0b73f40bb9f78d2caff73186700bf1bc6b94285699aff98cc16c6",
                "sha256:26965837447f9c82f1855e0bc8bc4fb910240b6e0d16a664bb722df3b5b06873",
                "sha256:37340614f8a5d2fb9aeea67fd159bfe4f5f4ed535b1090ce8ec428b2f15a11f2",
                "sha256:3d10de8116d25649631977cb37da6cbdd2d6fa0e0281d014a5b7d337255ca713",
                "sha256:3d8427734c781ea5f1b41d6589c293089704d4759e34597dce91014ac125aad1",
                "sha256:7ec5d3b029f5fa2b179325908b9cd93db28ab7b85bb6c1db56b10e0b54235177",
                "sha256:8e56e16617872b0957d1c9742a3f94b43533447fd78321514abbe7db216aa250",
                "sha256:de4e5f7f68220d92b7637fc99847475b59154b7a1b3868fb7385337af54ac9ca",
                "sha256:eb8cc2afe8b05acbd84a43905832ec78e7b3873fb124ca190f574dca7389a87d",
                "sha256:ee77aa129f481be46f8d92a1a7db57269a2f23052d5f2433b4621bb457081cc9"
            ],
            "version": "==3.4.7"
        },
        "cython": {
            "hashes": [
                "sha256:0c4b9f7e3aa004cf3f364e3e772f55fec5740485bafea99d1f13bdc9bbd8a545",
                "sha256:20402ef316393168909926ab21848aa6e08e39bed5003b657139774e66166cd0",
                "sha256:20cb50d9fede8029bdb50875458f07a27f909289aeed4cdb9c19544dd9a9bc45",
                "sha256:2365f3b5e6451b6bc6dcd262230656f4ade1d862ec2f6c22154deebef37c08b6",
                "sha256:266459c7e48fe3c6c492b297e4033e42d4c6863cc1a1ff7cc4034949fc574fa6",
                "sha256:282263628c5d601b313d5920f7b6d7e08c7fedbddacd080c4858aa04d86b6b4b",
                "sha256:2a3bbce689a2fddb85aa66712d93875c99bf7f64ac82b1d149ecce522a7a4e0c",
                "sha256:2af52d312e96b38ded38b34d06e22685c226b1b0e58278bd27209f5d2385d115",
                "sha256:355a6e768d91e21fbf477b61881bab64b7a2da386a166898997bccefd532cf5d",
                "sha256:37ff66039e3d138ec968ee1d1e12441fa5fb4e6a9c5458bc3c3a232f01be4a7d",
                "sha256:3b29224eb62309a10819d923dc6262f769e4f3facfee3cd06372c355e5b38b33",
                "sha256:3ef530f975e3a760e7282fce2a25f900fa63f96d17321b4aa5f5542eb9859cdf",
                "sha256:41cd0dd2ff5d78466e73409db509887a84449b400074d4f217980cedbb18e4be",
                "sha256:474c1a29ab43e29d990df279e2cf6aa96baa9208f5cd4bc76ac87ffcdf1e2945",
                "sha256:4858043ac5f96a8f0277cf63760bb39b9521c1f897678cf1d22423f3e758f4ed",
                "sha256:4b0bcf2e06a9063fc78c3243ed4003228375d532ef13b9e5d7183be8f0a52cf5",
                "sha256:4b6824b58d4373224fc76ee8bee6b35c2d17c91a1ed0fa67b88440f63daebe50",
                "sha256:4d7c3b0882d8757c601eaf288fc0d321d5c7ac6c3afb8c42eddf9325a3419cf5",
                "sha256:519fccf526d26b377e1db22f22aa44889b28bc5833ec106588cb13557e8ba2da",
                "sha256:58dc06871bfdb0592542d779714fe9f918e11ba20ac07757dd63b198bdc704fe",
                "sha256:5a6792153b728a0240e55bbb5b643f4f7e45c76319e03abf15bf367471ea1d1a",
                "sha256:5be3ae3189cf7d0e9bbeafb854496dc7030c6f6a5602d809435fab8223543a41",
                "sha256:625a16103770fd92b487b701fb0c07e5790b080f40fa11ce572a2d56d9e9fcca",
                "sha256:6a0d31452f0245daacb14c979c77e093eb1a546c760816b5eed0047686baad8e",
                "sha256:794e3df0b57e16bce7583ac909126f4cb381fe566adadb20484d89095855eedb",
                "sha256:7b7a766726d207d7cd57aff0fcb4b35ce042d3cc88a421fcdb45eeb61a5b9d12",
                "sha256:7d6a33c8a11f05f698e215bfdb837f32c27f63c20f3af863557ed91c748dc2be",
                "sha256:a8eed9c82e8fe07b8a8ffbd36018871a17458903fc25c9d015f37b54513a3efd",
                "sha256:aa3bb0928fb2aa3a8828801eb8b29af2261c199f805ae835467489e2bdd00372",
                "sha256:b0699f0dc90181f2458fdb8170455e7798a309e18f41379eda7a2dc8c7aadee0",
                "sha256:c4b82461edbbcf90f19b319006345b77474a2d7514e1476d49a14bbd55d6b797",
                "sha256:ceccc03b633113ede1f14ad914a6db5c278ce108c8ddb308a5c01c1567d8a02a",
                "sha256:ef21c51350462160456eb71df31b0869e5141e940f22c61c358bdb6e3ebc3388",
                "sha256:f4aca6bffb1c1c3c4ada3347d0b162a699c18a66e097ee08b63b3a35118fdfcc",
                "sha256:ff885f18d169759b57f116d3956e45cd2b9cba989fde348bba091544c668dc11"
            ],
            "version": "==0.29.23"
        },
        "django": {
            "hashes": [
                "sha256:50b781f6cbeb98f673aa76ed8e572a019a45e52bdd4ad09001072dfd91ab07c8",
                "sha256:89e451bfbb815280b137e33e454ddd56481fdaa6334054e6e031041ee1eda360"
            ],
            "index": "pypi",
            "version": "==3.0.4"
        },
        "dnspython": {
            "hashes": [
                "sha256:36c5e8e38d4369a08b6780b7f27d790a292b2b08eea01607865bf0936c558e01",
                "sha256:f69c21288a962f4da86e56c4905b49d11aba7938d3d740e80d9e366ee4f1632d"
            ],
            "version": "==1.16.0"
        },
        "enum-compat": {
            "hashes": [
                "sha256:3677daabed56a6f724451d585662253d8fb4e5569845aafa8bb0da36b1a8751e",
                "sha256:88091b617c7fc3bbbceae50db5958023c48dc40b50520005aa3bf27f8f7ea157"
            ],
            "index": "pypi",
            "version": "==0.0.3"
        },
        "eventlet": {
            "hashes": [
                "sha256:27ae41fad9deed9bbf4166f3e3b65acc15d524d42210a518e5877da85a6b8c5d",
                "sha256:b36ec2ecc003de87fc87b93197d77fea528aa0f9204a34fdf3b2f8d0f01e017b"
            ],
            "index": "pypi",
            "version": "==0.31.0"
        },
        "gevent": {
            "hashes": [
                "sha256:08de7d46923ab04529e70ff0601522bc7897b7bcef8ac40e8a9f906168518875",
                "sha256:12276c30ce4d6da84eba674dade04b0cd80fb5808dbfdef01ba49b75d50b3816",
                "sha256:1886197bcf8aea097c066e212c32a0aed9ad6a0ed245c124f3ff6b7dce7db354",
                "sha256:1bb8330f1f86460b845b589eeea73b3e2dd52f84bee30178a8eaa0ddd61622a6",
                "sha256:2436dfbc1f0cfa2c2fc8ec9e824dcc13f8501085c29605b4488c981456f12ed6",
                "sha256:2756de36f56b33c46f6cc7146a74ba65afcd1471922c95b6771ce87b279d689c",
                "sha256:2863c2899f0a379322cb07724c67eb608652e99ab5bdf5bfce936c9bf89f4a87",
                "sha256:2f138b82527c520fff432e3aa9f606335d23eebfa1e8aeb0e36822e34a91afdd",
                "sha256:4a3ee667456ccec0c1d215aeec8d150449d0a6da5d58ba2c6be741249af1f139",
                "sha256:4a69373a07a0d4ff74401274d3b30aa47430e76d7e314f23bb9f399da1bbed6e",
                "sha256:67820fd68ba14a38a1645261fc8f3530c4cfad6c45e29f40cc1dda8d5dcc17fb",
                "sha256:899e1cdbfaa7aa0d53a430f2f4cb8d03c00db0ee94872ce2b4bb918817a719f0",
                "sha256:9146860dd8ac0d0b675abc64025ea8dcd3d399de9290a8eec23bbed6d3993be4",
                "sha256:91bfe6c3a2ec4d0027b30eb1aa678ab1f828c7d8961e64ac000d8c4a80fc8806",
                "sha256:9c4601f67f26e534237d1cbaded3157b2a70a89e7760c819e8afb20e32878553",
                "sha256:9cec7379b540cd7a8cdffec9ebe799943c07d0f575e6f222bf3515e7655544d7",
                "sha256:a55ee5c388511362b1f886be57f06062334bc44b91ef215b997435d21901def7",
                "sha256:ae6787acd68bd2f8d40e10fd8d031a5da2ac9dae6ddd35390cf4c18261a8bd38",
                "sha256:bd261c12724e3e4be81ce4bd978c3ba47d31bd56444ba9f30332b8e7d4f09b81",
                "sha256:c2c2e0e275b375941be80a174cd47b3ee20ccf457fbec31863808448ec4fcf59",
                "sha256:de44cb7bf1f74043e7976f2dbf9780da7a99a2b58799675817d1df77ccfde519",
                "sha256:f2932f05b8cfef3d7c285ddbd77008d642bd843c88625e1da4e96a643d4de885"
            ],
            "index": "pypi",
            "version": "==20.5.2"
        },
        "greenlet": {
            "hashes": [
                "sha256:000546ad01e6389e98626c1367be58efa613fa82a1be98b0c6fc24b563acc6d0",
                "sha256:0d48200bc50cbf498716712129eef819b1729339e34c3ae71656964dac907c28",
                "sha256:23d12eacffa9d0f290c0fe0c4e81ba6d5f3a5b7ac3c30a5eaf0126bf4deda5c8",
                "sha256:37c9ba82bd82eb6a23c2e5acc03055c0e45697253b2393c9a50cef76a3985304",
                "sha256:51155342eb4d6058a0ffcd98a798fe6ba21195517da97e15fca3db12ab201e6e",
                "sha256:51503524dd6f152ab4ad1fbd168fc6c30b5795e8c70be4410a64940b3abb55c0",
                "sha256:7457d685158522df483196b16ec648b28f8e847861adb01a55d41134e7734122",
                "sha256:8041e2de00e745c0e05a502d6e6db310db7faa7c979b3a5877123548a4c0b214",
                "sha256:81fcd96a275209ef117e9ec91f75c731fa18dcfd9ffaa1c0adbdaa3616a86043",
                "sha256:853da4f9563d982e4121fed8c92eea1a4594a2299037b3034c3c898cb8e933d6",
                "sha256:8b4572c334593d449113f9dc8d19b93b7b271bdbe90ba7509eb178923327b625",
                "sha256:9416443e219356e3c31f1f918a91badf2e37acf297e2fa13d24d1cc2380f8fbc",
                "sha256:9854f612e1b59ec66804931df5add3b2d5ef0067748ea29dc60f0efdcda9a638",
                "sha256:99a26afdb82ea83a265137a398f570402aa1f2b5dfb4ac3300c026931817b163",
                "sha256:a19bf883b3384957e4a4a13e6bd1ae3d85ae87f4beb5957e35b0be287f12f4e4",
                "sha256:a9f145660588187ff835c55a7d2ddf6abfc570c2651c276d3d4be8a2766db490",
                "sha256:ac57fcdcfb0b73bb3203b58a14501abb7e5ff9ea5e2edfa06bb03035f0cff248",
                "sha256:bcb530089ff24f6458a81ac3fa699e8c00194208a724b644ecc68422e1111939",
                "sha256:beeabe25c3b704f7d56b573f7d2ff88fc99f0138e43480cecdfcaa3b87fe4f87",
                "sha256:d634a7ea1fc3380ff96f9e44d8d22f38418c1c381d5fac680b272d7d90883720",
                "sha256:d97b0661e1aead761f0ded3b769044bb00ed5d33e1ec865e891a8b128bf7c656",
                "sha256:e538b8dae561080b542b0f5af64d47ef859f22517f7eca617bb314e0e03fd7ef"
            ],
            "index": "pypi",
            "version": "==0.4.15"
        },
        "gunicorn": {
            "extras": [
                "eventlet"
            ],
            "hashes": [
                "sha256:1904bb2b8a43658807108d59c3f3d56c2b6121a701161de0ddf9ad140073c626",
                "sha256:cd4a810dd51bf497552cf3f863b575dabd73d6ad6a91075b65936b151cbf4f9c"
            ],
            "index": "pypi",
            "version": "==20.0.4"
        },
        "idna": {
            "hashes": [
                "sha256:b307872f855b18632ce0c21c5e45be78c0ea7ae4c15c828c20788b26921eb3f6",
                "sha256:b97d804b1e9b523befed77c48dacec60e6dcb0b5391d57af6a65a312a90648c0"
            ],
            "version": "==2.10"
        },
        "louie": {
            "hashes": [
                "sha256:02c1f088d2a83175b25647a66d75b0ba13adfebe4603ce83b6de0bb82ea64359"
            ],
            "version": "==2.0"
        },
        "pycparser": {
            "hashes": [
                "sha256:2d475327684562c3a96cc71adf7dc8c4f0565175cf86b6d7a404ff4c771f15f0",
                "sha256:7582ad22678f0fcd81102833f60ef8d0e57288b6b5fb00323d101be910e35705"
            ],
            "version": "==2.20"
        },
        "pydispatcher": {
            "hashes": [
                "sha256:5570069e1b1769af1fe481de6dd1d3a388492acddd2cdad7a3bde145615d5caf",
                "sha256:5be4a8be12805ef7d712dd9a93284fb8bc53f309867e573f653a72e5fd10e433"
            ],
            "index": "pypi",
            "version": "==2.0.5"
        },
        "pyopenssl": {
            "hashes": [
                "sha256:621880965a720b8ece2f1b2f54ea2071966ab00e2970ad2ce11d596102063504",
                "sha256:9a24494b2602aaf402be5c9e30a0b82d4a5c67528fe8fb475e3f3bc00dd69507"
            ],
            "index": "pypi",
            "version": "==19.1.0"
        },
        "pyserial": {
            "hashes": [
                "sha256:6e2d401fdee0eab996cf734e67773a0143b932772ca8b42451440cfed942c627",
                "sha256:e0770fadba80c31013896c7e6ef703f72e7834965954a78e71a3049488d4d7d8"
            ],
            "index": "pypi",
            "version": "==3.4"
        },
        "python-engineio": {
            "hashes": [
                "sha256:222926adb4bc6e03a8fc8e0ef2a3309f030c1c3f8e0fcc94c9ba214574565f02",
                "sha256:2481732d93646998f7372ef0ecf003af7817b82720b881db173c3d50b4887916"
            ],
            "index": "pypi",
            "version": "==3.12.1"
        },
        "python-openzwave": {
            "hashes": [
                "sha256:2b692eac17b17ef88606e6e0f529e4ec7a77fc7c8e8180cdf518b00873d5f0a1",
                "sha256:4b79e253a3ae5270e4eed867088c1118cba9a239539b08ea25849fe32b937f22",
                "sha256:6b40c7711383eeb3535cf5504f1cf47cc1ac7018eb820f299642a5a2795aef84",
                "sha256:6fcd10100381dcf032adb00805a8cd90d551f3411048197e22b1957fc09c4fb0",
                "sha256:81b37980573cc9a32f759b9012a924e8af905b98c4585fb07bef93b25053228d",
                "sha256:8248a2a28b44bd83d2b28db9e5815c838a1c5066ccf4409bcd0be8a1d2ed1d60",
                "sha256:b142c0c98a39a7facc432747cd429e203eec230bc2c71d67e9fb2e5ae3eb8971",
                "sha256:d2e777aaecdec1231f1c082ffd7e9b1ded44274649b50560d0241aa318c50a9d",
                "sha256:ea5d6ff109c4db12e414c6490f6afa0ab91554a0e0f69a2d644d96b3e1e564b7"
            ],
            "index": "pypi",
            "version": "==0.4.19"
        },
        "python-socketio": {
            "hashes": [
                "sha256:149b98c33f8c3d09273fb4ebeb83781e4dc9411b56b27d9f058bec1bd1ed74b7",
                "sha256:81280cbbb7018d8ecdd006bf6025979733d347c0f2612282c1e21f6ed7d3b55b"
            ],
            "index": "pypi",
            "version": "==4.5.1"
        },
        "pytz": {
            "hashes": [
                "sha256:1c557d7d0e871de1f5ccd5833f60fb2550652da6be2693c1e02300743d21500d",
                "sha256:b02c06db6cf09c12dd25137e563b31700d3b80fcc4ad23abb7a315f2789819be"
            ],
            "index": "pypi",
            "version": "==2019.3"
        },
        "requests": {
            "hashes": [
                "sha256:43999036bfa82904b6af1d99e4882b560e5e2c68e5c4b0aa03b655f3d7d73fee",
                "sha256:b3f43d496c6daba4493e7c431722aeb7dbc6288f52a6e04e7b6023b0247817e6"
            ],
            "index": "pypi",
            "version": "==2.23.0"
        },
        "six": {
            "hashes": [
                "sha256:236bdbdce46e6e6a3d61a337c0f8b763ca1e8717c03b369e87a7ec7ce1319c0a",
                "sha256:8f3cd2e254d8f793e7f3d6d9df77b92252b52637291d0f0da013c76ea2724b6c"
            ],
            "index": "pypi",
            "version": "==1.14.0"
        },
        "sqlparse": {
            "hashes": [
                "sha256:017cde379adbd6a1f15a61873f43e8274179378e95ef3fede90b5aa64d304ed0",
                "sha256:0f91fd2e829c44362cbcfab3e9ae12e22badaa8a29ad5ff599f9ec109f0454e8"
            ],
            "version": "==0.4.1"
        },
        "urllib3": {
            "hashes": [
                "sha256:8d7eaa5a82a1cac232164990f04874c594c9453ec55eef02eab885aa02fc17a2",
                "sha256:f5321fbe4bf3fefa0efd0bfe7fb14e90909eb62a48ccda331726b4319897dd5e"
            ],
            "version": "==1.25.11"
        },
        "zope.event": {
            "hashes": [
                "sha256:2666401939cdaa5f4e0c08cf7f20c9b21423b95e88f4675b1443973bdb080c42",
                "sha256:5e76517f5b9b119acf37ca8819781db6c16ea433f7e2062c4afc2b6fbedb1330"
            ],
            "version": "==4.5.0"
        },
        "zope.interface": {
            "hashes": [
                "sha256:08f9636e99a9d5410181ba0729e0408d3d8748026ea938f3b970a0249daa8192",
                "sha256:0b465ae0962d49c68aa9733ba92a001b2a0933c317780435f00be7ecb959c702",
                "sha256:0cba8477e300d64a11a9789ed40ee8932b59f9ee05f85276dbb4b59acee5dd09",
                "sha256:0cee5187b60ed26d56eb2960136288ce91bcf61e2a9405660d271d1f122a69a4",
                "sha256:0ea1d73b7c9dcbc5080bb8aaffb776f1c68e807767069b9ccdd06f27a161914a",
                "sha256:0f91b5b948686659a8e28b728ff5e74b1be6bf40cb04704453617e5f1e945ef3",
                "sha256:15e7d1f7a6ee16572e21e3576d2012b2778cbacf75eb4b7400be37455f5ca8bf",
                "sha256:17776ecd3a1fdd2b2cd5373e5ef8b307162f581c693575ec62e7c5399d80794c",
                "sha256:194d0bcb1374ac3e1e023961610dc8f2c78a0f5f634d0c737691e215569e640d",
                "sha256:1c0e316c9add0db48a5b703833881351444398b04111188069a26a61cfb4df78",
                "sha256:205e40ccde0f37496904572035deea747390a8b7dc65146d30b96e2dd1359a83",
                "sha256:273f158fabc5ea33cbc936da0ab3d4ba80ede5351babc4f577d768e057651531",
                "sha256:2876246527c91e101184f63ccd1d716ec9c46519cc5f3d5375a3351c46467c46",
                "sha256:2c98384b254b37ce50eddd55db8d381a5c53b4c10ee66e1e7fe749824f894021",
                "sha256:2e5a26f16503be6c826abca904e45f1a44ff275fdb7e9d1b75c10671c26f8b94",
                "sha256:334701327f37c47fa628fc8b8d28c7d7730ce7daaf4bda1efb741679c2b087fc",
                "sha256:3748fac0d0f6a304e674955ab1365d515993b3a0a865e16a11ec9d86fb307f63",
                "sha256:3c02411a3b62668200910090a0dff17c0b25aaa36145082a5a6adf08fa281e54",
                "sha256:3dd4952748521205697bc2802e4afac5ed4b02909bb799ba1fe239f77fd4e117",
                "sha256:3f24df7124c323fceb53ff6168da70dbfbae1442b4f3da439cd441681f54fe25",
                "sha256:469e2407e0fe9880ac690a3666f03eb4c3c444411a5a5fddfdabc5d184a79f05",
                "sha256:4de4bc9b6d35c5af65b454d3e9bc98c50eb3960d5a3762c9438df57427134b8e",
                "sha256:5208ebd5152e040640518a77827bdfcc73773a15a33d6644015b763b9c9febc1",
                "sha256:52de7fc6c21b419078008f697fd4103dbc763288b1406b4562554bd47514c004",
                "sha256:5bb3489b4558e49ad2c5118137cfeaf59434f9737fa9c5deefc72d22c23822e2",
                "sha256:5dba5f530fec3f0988d83b78cc591b58c0b6eb8431a85edd1569a0539a8a5a0e",
                "sha256:5dd9ca406499444f4c8299f803d4a14edf7890ecc595c8b1c7115c2342cadc5f",
                "sha256:5f931a1c21dfa7a9c573ec1f50a31135ccce84e32507c54e1ea404894c5eb96f",
                "sha256:63b82bb63de7c821428d513607e84c6d97d58afd1fe2eb645030bdc185440120",
                "sha256:66c0061c91b3b9cf542131148ef7ecbecb2690d48d1612ec386de9d36766058f",
                "sha256:6f0c02cbb9691b7c91d5009108f975f8ffeab5dff8f26d62e21c493060eff2a1",
                "sha256:71aace0c42d53abe6fc7f726c5d3b60d90f3c5c055a447950ad6ea9cec2e37d9",
                "sha256:7d97a4306898b05404a0dcdc32d9709b7d8832c0c542b861d9a826301719794e",
                "sha256:7df1e1c05304f26faa49fa752a8c690126cf98b40b91d54e6e9cc3b7d6ffe8b7",
                "sha256:8270252effc60b9642b423189a2fe90eb6b59e87cbee54549db3f5562ff8d1b8",
                "sha256:867a5ad16892bf20e6c4ea2aab1971f45645ff3102ad29bd84c86027fa99997b",
                "sha256:877473e675fdcc113c138813a5dd440da0769a2d81f4d86614e5d62b69497155",
                "sha256:8892f89999ffd992208754851e5a052f6b5db70a1e3f7d54b17c5211e37a98c7",
                "sha256:9a9845c4c6bb56e508651f005c4aeb0404e518c6f000d5a1123ab077ab769f5c",
                "sha256:a1e6e96217a0f72e2b8629e271e1b280c6fa3fe6e59fa8f6701bec14e3354325",
                "sha256:a8156e6a7f5e2a0ff0c5b21d6bcb45145efece1909efcbbbf48c56f8da68221d",
                "sha256:a9506a7e80bcf6eacfff7f804c0ad5350c8c95b9010e4356a4b36f5322f09abb",
                "sha256:af310ec8335016b5e52cae60cda4a4f2a60a788cbb949a4fbea13d441aa5a09e",
                "sha256:b0297b1e05fd128d26cc2460c810d42e205d16d76799526dfa8c8ccd50e74959",
                "sha256:bf68f4b2b6683e52bec69273562df15af352e5ed25d1b6641e7efddc5951d1a7",
                "sha256:d0c1bc2fa9a7285719e5678584f6b92572a5b639d0e471bb8d4b650a1a910920",
                "sha256:d4d9d6c1a455d4babd320203b918ccc7fcbefe308615c521062bc2ba1aa4d26e",
                "sha256:db1fa631737dab9fa0b37f3979d8d2631e348c3b4e8325d6873c2541d0ae5a48",
                "sha256:dd93ea5c0c7f3e25335ab7d22a507b1dc43976e1345508f845efc573d3d779d8",
                "sha256:f44e517131a98f7a76696a7b21b164bcb85291cee106a23beccce454e1f433a4",
                "sha256:f7ee479e96f7ee350db1cf24afa5685a5899e2b34992fb99e1f7c1b0b758d263"
            ],
            "version": "==5.4.0"
        }
    },
    "develop": {}
}
